
Microsoft Visual Studio Solution File, Format Version 12.00
# Visual Studio Version 16
VisualStudioVersion = 16.0.32413.511
MinimumVisualStudioVersion = 10.0.40219.1
Project("{FAE04EC0-301F-11D3-BF4B-00C04F79EFBC}") = "Web_TinTuc", "Web_TinTuc\Web_TinTuc.csproj", "{45AF4FC2-29FA-4698-BA6E-549FB3D7B48C}"
EndProject
Global
	GlobalSection(SolutionConfigurationPlatforms) = preSolution
		Debug|Any CPU = Debug|Any CPU
		Release|Any CPU = Release|Any CPU
	EndGlobalSection
	GlobalSection(ProjectConfigurationPlatforms) = postSolution
		{45AF4FC2-29FA-4698-BA6E-549FB3D7B48C}.Debug|Any CPU.ActiveCfg = Debug|Any CPU
		{45AF4FC2-29FA-4698-BA6E-549FB3D7B48C}.Debug|Any CPU.Build.0 = Debug|Any CPU
		{45AF4FC2-29FA-4698-BA6E-549FB3D7B48C}.Release|Any CPU.ActiveCfg = Release|Any CPU
		{45AF4FC2-29FA-4698-BA6E-549FB3D7B48C}.Release|Any CPU.Build.0 = Release|Any CPU
	EndGlobalSection
	GlobalSection(SolutionProperties) = preSolution
		HideSolutionNode = FALSE
	EndGlobalSection
	GlobalSection(ExtensibilityGlobals) = postSolution
		SolutionGuid = {50317FFA-C912-4173-998C-11AFF2009F30}
	EndGlobalSection
EndGlobal
